{
  "name": "extract-text-demo",
  "version": "0.0.0",
  "lockfileVersion": 3,
  "requires": true,
  "packages": {
    "": {
      "name": "extract-text-demo",
      "version": "0.0.0",
      "dependencies": {
        "@worldware/msg": "^0.12.0"
      }
    },
    "node_modules/@messageformat/date-skeleton": {
      "version": "2.0.0-0",
      "resolved": "https://registry.npmjs.org/@messageformat/date-skeleton/-/date-skeleton-2.0.0-0.tgz",
      "integrity": "sha512-gkCatAK4MYlhjKYWxkfRM6Ql0M1VmA1DK6A9rszUBprZpQox/XqX987AI2w7YoEz0p5DgkPOpI6PK1mW08yNqQ==",
      "license": "MIT"
    },
    "node_modules/@messageformat/icu-messageformat-1": {
      "version": "0.12.0",
      "resolved": "https://registry.npmjs.org/@messageformat/icu-messageformat-1/-/icu-messageformat-1-0.12.0.tgz",
      "integrity": "sha512-vCpR24LBD6cSwaQ2lUJLXeJ0Ls+qT9PTh+z8RHrtazLLOJj0Y5IaVflLCWPm5NBM3IYKwklQsge25MCmMWppAg==",
      "license": "Apache-2.0",
      "dependencies": {
        "@messageformat/date-skeleton": "2.0.0-0",
        "@messageformat/number-skeleton": "2.0.0-0",
        "@messageformat/parser": "^5.0.0",
        "messageformat": "^4.0.0"
      },
      "engines": {
        "node": "^20.19 || ^22.12 || >=24"
      }
    },
    "node_modules/@messageformat/number-skeleton": {
      "version": "2.0.0-0",
      "resolved": "https://registry.npmjs.org/@messageformat/number-skeleton/-/number-skeleton-2.0.0-0.tgz",
      "integrity": "sha512-bDrIrVSKwn0sNrbU+N6tjwljV+Zl9pRCR/D9Xim6Q7lLzZ20nFYtuuKOZ3QKisN+vPxa9sTqu3ufJ+uwKNpHbQ==",
      "license": "MIT"
    },
    "node_modules/@messageformat/parser": {
      "version": "5.1.1",
      "resolved": "https://registry.npmjs.org/@messageformat/parser/-/parser-5.1.1.tgz",
      "integrity": "sha512-3p0YRGCcTUCYvBKLIxtDDyrJ0YijGIwrTRu1DT8gIviIDZru8H23+FkY6MJBzM1n9n20CiM4VeDYuBsrrwnLjg==",
      "license": "MIT",
      "dependencies": {
        "moo": "^0.5.1"
      }
    },
    "node_modules/@worldware/msg": {
      "version": "0.12.0",
      "resolved": "https://registry.npmjs.org/@worldware/msg/-/msg-0.12.0.tgz",
      "integrity": "sha512-pLFpp6RE8BOgy3XQt/heV0KB68AUTZKUHY4Y/u1J0IGhOW+5aNUNs4KYwI3uYAQVNp8c3q4CoWeHCzbkW2k14g==",
      "license": "MIT",
      "dependencies": {
        "@messageformat/icu-messageformat-1": "^0.12.0",
        "@messageformat/parser": "^5.1.1",
        "messageformat": "^4.0.0",
        "pseudo-localization": "^2.4.0"
      }
    },
    "node_modules/ansi-regex": {
      "version": "5.0.1",
      "resolved": "https://registry.npmjs.org/ansi-regex/-/ansi-regex-5.0.1.tgz",
      "integrity": "sha512-quJQXlTSUGL2LH9SUXo8VwsY4soanhgo6LNSm84E1LBcE8s3O0wpdiRzyR9z/ZZJMlMWv37qOOb9pdJlMUEKFQ==",
      "license": "MIT",
      "engines": {
        "node": ">=8"
      }
    },
    "node_modules/ansi-styles": {
      "version": "4.3.0",
      "resolved": "https://registry.npmjs.org/ansi-styles/-/ansi-styles-4.3.0.tgz",
      "integrity": "sha512-zbB9rCJAT1rbjiVDb2hqKFHNYLxgtk8NURxZ3IZwD3F6NtxbXZQCnnSi1Lkx+IDohdPlFp222wVALIheZJQSEg==",
      "license": "MIT",
      "dependencies": {
        "color-convert": "^2.0.1"
      },
      "engines": {
        "node": ">=8"
      },
      "funding": {
        "url": "https://github.com/chalk/ansi-styles?sponsor=1"
      }
    },
    "node_modules/cliui": {
      "version": "8.0.1",
      "resolved": "https://registry.npmjs.org/cliui/-/cliui-8.0.1.tgz",
      "integrity": "sha512-BSeNnyus75C4//NQ9gQt1/csTXyo/8Sb+afLAkzAptFuMsod9HFokGNudZpi/oQV73hnVK+sR+5PVRMd+Dr7YQ==",
      "license": "ISC",
      "dependencies": {
        "string-width": "^4.2.0",
        "strip-ansi": "^6.0.1",
        "wrap-ansi": "^7.0.0"
      },
      "engines": {
        "node": ">=12"
      }
    },
    "node_modules/color-convert": {
      "version": "2.0.1",
      "resolved": "https://registry.npmjs.org/color-convert/-/color-convert-2.0.1.tgz",
      "integrity": "sha512-RRECPsj7iu/xb5oKYcsFHSppFNnsj/52OVTRKb4zP5onXwVF3zVmmToNcOfGC+CRDpfK/U584fMg38ZHCaElKQ==",
      "license": "MIT",
      "dependencies": {
        "color-name": "~1.1.4"
      },
      "engines": {
        "node": ">=7.0.0"
      }
    },
    "node_modules/color-name": {
      "version": "1.1.4",
      "resolved": "https://registry.npmjs.org/color-name/-/color-name-1.1.4.tgz",
      "integrity": "sha512-dOy+3AuW3a2wNbZHIuMZpTcgjGuLU/uBL/ubcZF9OXbDo8ff4O8yVp5Bf0efS8uEoYo5q4Fx7dY9OgQGXgAsQA==",
      "license": "MIT"
    },
    "node_modules/emoji-regex": {
      "version": "8.0.0",
      "resolved": "https://registry.npmjs.org/emoji-regex/-/emoji-regex-8.0.0.tgz",
      "integrity": "sha512-MSjYzcWNOA0ewAHpz0MxpYFvwg6yjy1NG3xteoqz644VCo/RPgnr1/GGt+ic3iJTzQ8Eu3TdM14SawnVUmGE6A==",
      "license": "MIT"
    },
    "node_modules/escalade": {
      "version": "3.2.0",
      "resolved": "https://registry.npmjs.org/escalade/-/escalade-3.2.0.tgz",
      "integrity": "sha512-WUj2qlxaQtO4g6Pq5c29GTcWGDyd8itL8zTlipgECz3JesAiiOKotd8JU6otB3PACgG6xkJUyVhboMS+bje/jA==",
      "license": "MIT",
      "engines": {
        "node": ">=6"
      }
    },
    "node_modules/flat": {
      "version": "5.0.2",
      "resolved": "https://registry.npmjs.org/flat/-/flat-5.0.2.tgz",
      "integrity": "sha512-b6suED+5/3rTpUBdG1gupIl8MPFCAMA0QXwmljLhvCUKcUvdE4gWky9zpuGCcXHOsz4J9wPGNWq6OKpmIzz3hQ==",
      "license": "BSD-3-Clause",
      "bin": {
        "flat": "cli.js"
      }
    },
    "node_modules/get-caller-file": {
      "version": "2.0.5",
      "resolved": "https://registry.npmjs.org/get-caller-file/-/get-caller-file-2.0.5.tgz",
      "integrity": "sha512-DyFP3BM/3YHTQOCUL/w0OZHR0lpKeGrxotcHWcqNEdnltqFwXVfhEBQ94eIo34AfQpo0rGki4cyIiftY06h2Fg==",
      "license": "ISC",
      "engines": {
        "node": "6.* || 8.* || >= 10.*"
      }
    },
    "node_modules/get-stdin": {
      "version": "7.0.0",
      "resolved": "https://registry.npmjs.org/get-stdin/-/get-stdin-7.0.0.tgz",
      "integrity": "sha512-zRKcywvrXlXsA0v0i9Io4KDRaAw7+a1ZpjRwl9Wox8PFlVCCHra7E9c4kqXCoCM9nR5tBkaTTZRBoCm60bFqTQ==",
      "license": "MIT",
      "engines": {
        "node": ">=8"
      }
    },
    "node_modules/is-fullwidth-code-point": {
      "version": "3.0.0",
      "resolved": "https://registry.npmjs.org/is-fullwidth-code-point/-/is-fullwidth-code-point-3.0.0.tgz",
      "integrity": "sha512-zymm5+u+sCsSWyD9qNaejV3DFvhCKclKdizYaJUuHA83RLjb7nSuGnddCHGv0hk+KY7BMAlsWeK4Ueg6EV6XQg==",
      "license": "MIT",
      "engines": {
        "node": ">=8"
      }
    },
    "node_modules/messageformat": {
      "version": "4.0.0",
      "resolved": "https://registry.npmjs.org/messageformat/-/messageformat-4.0.0.tgz",
      "integrity": "sha512-XKmJ/ffTWToWOlHJzt85ZChQgVGC0LHzNWuNK8zuYpNySsB0nIEmytOdSAOW9ETKtkajAUJf520m5gFHHnrTYg==",
      "license": "Apache-2.0",
      "engines": {
        "node": "^20.19 || ^22.12 || >=24"
      }
    },
    "node_modules/moo": {
      "version": "0.5.3",
      "resolved": "https://registry.npmjs.org/moo/-/moo-0.5.3.tgz",
      "integrity": "sha512-m2fmM2dDm7GZQsY7KK2cme8agi+AAljILjQnof7p1ZMDe6dQ4bdnSMx0cPppudoeNv5hEFQirN6u+O4fDE0IWA==",
      "license": "BSD-3-Clause"
    },
    "node_modules/pseudo-localization": {
      "version": "2.4.0",
      "resolved": "https://registry.npmjs.org/pseudo-localization/-/pseudo-localization-2.4.0.tgz",
      "integrity": "sha512-ISYMOKY8+f+PmiXMFw2y6KLY74LBrv/8ml/VjjoVEV2k+MS+OJZz7ydciK5ntJwxPrKQPTU1+oXq9Mx2b0zEzg==",
      "license": "MIT",
      "dependencies": {
        "flat": "^5.0.2",
        "get-stdin": "^7.0.0",
        "typescript": "^4.7.4",
        "yargs": "^17.2.1"
      },
      "bin": {
        "pseudo-localization": "bin/pseudo-localize"
      }
    },
    "node_modules/require-directory": {
      "version": "2.1.1",
      "resolved": "https://registry.npmjs.org/require-directory/-/require-directory-2.1.1.tgz",
      "integrity": "sha512-fGxEI7+wsG9xrvdjsrlmL22OMTTiHRwAMroiEeMgq8gzoLC/PQr7RsRDSTLUg/bZAZtF+TVIkHc6/4RIKrui+Q==",
      "license": "MIT",
      "engines": {
        "node": ">=0.10.0"
      }
    },
    "node_modules/string-width": {
      "version": "4.2.3",
      "resolved": "https://registry.npmjs.org/string-width/-/string-width-4.2.3.tgz",
      "integrity": "sha512-wKyQRQpjJ0sIp62ErSZdGsjMJWsap5oRNihHhu6G7JVO/9jIB6UyevL+tXuOqrng8j/cxKTWyWUwvSTriiZz/g==",
      "license": "MIT",
      "dependencies": {
        "emoji-regex": "^8.0.0",
        "is-fullwidth-code-point": "^3.0.0",
        "strip-ansi": "^6.0.1"
      },
      "engines": {
        "node": ">=8"
      }
    },
    "node_modules/strip-ansi": {
      "version": "6.0.1",
      "resolved": "https://registry.npmjs.org/strip-ansi/-/strip-ansi-6.0.1.tgz",
      "integrity": "sha512-Y38VPSHcqkFrCpFnQ9vuSXmquuv5oXOKpGeT6aGrr3o3Gc9AlVa6JBfUSOCnbxGGZF+/0ooI7KrPuUSztUdU5A==",
      "license": "MIT",
      "dependencies": {
        "ansi-regex": "^5.0.1"
      },
      "engines": {
        "node": ">=8"
      }
    },
    "node_modules/typescript": {
      "version": "4.9.5",
      "resolved": "https://registry.npmjs.org/typescript/-/typescript-4.9.5.tgz",
      "integrity": "sha512-1FXk9E2Hm+QzZQ7z+McJiHL4NW1F2EzMu9Nq9i3zAaGqibafqYwCVU6WyWAuyQRRzOlxou8xZSyXLEN8oKj24g==",
      "license": "Apache-2.0",
      "bin": {
        "tsc": "bin/tsc",
        "tsserver": "bin/tsserver"
      },
      "engines": {
        "node": ">=4.2.0"
      }
    },
    "node_modules/wrap-ansi": {
      "version": "7.0.0",
      "resolved": "https://registry.npmjs.org/wrap-ansi/-/wrap-ansi-7.0.0.tgz",
      "integrity": "sha512-YVGIj2kamLSTxw6NsZjoBxfSwsn0ycdesmc4p+Q21c5zPuZ1pl+NfxVdxPtdHvmNVOQ6XSYG4AUtyt/Fi7D16Q==",
      "license": "MIT",
      "dependencies": {
        "ansi-styles": "^4.0.0",
        "string-width": "^4.1.0",
        "strip-ansi": "^6.0.0"
      },
      "engines": {
        "node": ">=10"
      },
      "funding": {
        "url": "https://github.com/chalk/wrap-ansi?sponsor=1"
      }
    },
    "node_modules/y18n": {
      "version": "5.0.8",
      "resolved": "https://registry.npmjs.org/y18n/-/y18n-5.0.8.tgz",
      "integrity": "sha512-0pfFzegeDWJHJIAmTLRP2DwHjdF5s7jo9tuztdQxAhINCdvS+3nGINqPd00AphqJR/0LhANUS6/+7SCb98YOfA==",
      "license": "ISC",
      "engines": {
        "node": ">=10"
      }
    },
    "node_modules/yargs": {
      "version": "17.7.3",
      "resolved": "https://registry.npmjs.org/yargs/-/yargs-17.7.3.tgz",
      "integrity": "sha512-GZtjxm/J/4TSxuL3FNYjCmLktBTnIw/rVmKSIyKeYAZpmJB2ig9VauCC5xsa82GNKVKDAqpOn3KVzNt0zmrU0g==",
      "license": "MIT",
      "dependencies": {
        "cliui": "^8.0.1",
        "escalade": "^3.1.1",
        "get-caller-file": "^2.0.5",
        "require-directory": "^2.1.1",
        "string-width": "^4.2.3",
        "y18n": "^5.0.5",
        "yargs-parser": "^21.1.1"
      },
      "engines": {
        "node": ">=12"
      }
    },
    "node_modules/yargs-parser": {
      "version": "21.1.1",
      "resolved": "https://registry.npmjs.org/yargs-parser/-/yargs-parser-21.1.1.tgz",
      "integrity": "sha512-tVpsJW7DdjecAiFpbIB1e3qxIQsE6NoPc5/eTdrbbIC4h0LVsWhnoa3g+m2HclBIujHzsxZ4VJVA+GUuc2/LBw==",
      "license": "ISC",
      "engines": {
        "node": ">=12"
      }
    }
  }
}
